
Microsoft Visual Studio Solution File, Format Version 12.00
# Visual Studio Version 17
VisualStudioVersion = 17.13.35931.197
MinimumVisualStudioVersion = 10.0.40219.1
Project("{FAE04EC0-301F-11D3-BF4B-00C04F79EFBC}") = "App", "App\App.csproj", "{3157EACA-345D-4AB0-BF78-E7C0134AC0F8}"
EndProject
Project("{FAE04EC0-301F-11D3-BF4B-00C04F79EFBC}") = "App.Tests", "App.Tests\App.Tests.csproj", "{B6AE8B62-CC60-49FF-A50D-857212A50AFC}"
EndProject
Global
	GlobalSection(SolutionConfigurationPlatforms) = preSolution
		Debug|Any CPU = Debug|Any CPU
		Debug|x64 = Debug|x64
		Debug|x86 = Debug|x86
		Release|Any CPU = Release|Any CPU
		Release|x64 = Release|x64
		Release|x86 = Release|x86
	EndGlobalSection
	GlobalSection(ProjectConfigurationPlatforms) = postSolution
		{3157EACA-345D-4AB0-BF78-E7C0134AC0F8}.Debug|Any CPU.ActiveCfg = Debug|Any CPU
		{3157EACA-345D-4AB0-BF78-E7C0134AC0F8}.Debug|Any CPU.Build.0 = Debug|Any CPU
		{3157EACA-345D-4AB0-BF78-E7C0134AC0F8}.Debug|x64.ActiveCfg = Debug|Any CPU
		{3157EACA-345D-4AB0-BF78-E7C0134AC0F8}.Debug|x64.Build.0 = Debug|Any CPU
		{3157EACA-345D-4AB0-BF78-E7C0134AC0F8}.Debug|x86.ActiveCfg = Debug|Any CPU
		{3157EACA-345D-4AB0-BF78-E7C0134AC0F8}.Debug|x86.Build.0 = Debug|Any CPU
		{3157EACA-345D-4AB0-BF78-E7C0134AC0F8}.Release|Any CPU.ActiveCfg = Release|Any CPU
		{3157EACA-345D-4AB0-BF78-E7C0134AC0F8}.Release|Any CPU.Build.0 = Release|Any CPU
		{3157EACA-345D-4AB0-BF78-E7C0134AC0F8}.Release|x64.ActiveCfg = Release|Any CPU
		{3157EACA-345D-4AB0-BF78-E7C0134AC0F8}.Release|x64.Build.0 = Release|Any CPU
		{3157EACA-345D-4AB0-BF78-E7C0134AC0F8}.Release|x86.ActiveCfg = Release|Any CPU
		{3157EACA-345D-4AB0-BF78-E7C0134AC0F8}.Release|x86.Build.0 = Release|Any CPU
		{B6AE8B62-CC60-49FF-A50D-857212A50AFC}.Debug|Any CPU.ActiveCfg = Debug|Any CPU
		{B6AE8B62-CC60-49FF-A50D-857212A50AFC}.Debug|Any CPU.Build.0 = Debug|Any CPU
		{B6AE8B62-CC60-49FF-A50D-857212A50AFC}.Debug|x64.ActiveCfg = Debug|Any CPU
		{B6AE8B62-CC60-49FF-A50D-857212A50AFC}.Debug|x64.Build.0 = Debug|Any CPU
		{B6AE8B62-CC60-49FF-A50D-857212A50AFC}.Debug|x86.ActiveCfg = Debug|Any CPU
		{B6AE8B62-CC60-49FF-A50D-857212A50AFC}.Debug|x86.Build.0 = Debug|Any CPU
		{B6AE8B62-CC60-49FF-A50D-857212A50AFC}.Release|Any CPU.ActiveCfg = Release|Any CPU
		{B6AE8B62-CC60-49FF-A50D-857212A50AFC}.Release|Any CPU.Build.0 = Release|Any CPU
		{B6AE8B62-CC60-49FF-A50D-857212A50AFC}.Release|x64.ActiveCfg = Release|Any CPU
		{B6AE8B62-CC60-49FF-A50D-857212A50AFC}.Release|x64.Build.0 = Release|Any CPU
		{B6AE8B62-CC60-49FF-A50D-857212A50AFC}.Release|x86.ActiveCfg = Release|Any CPU
		{B6AE8B62-CC60-49FF-A50D-857212A50AFC}.Release|x86.Build.0 = Release|Any CPU
	EndGlobalSection
	GlobalSection(SolutionProperties) = preSolution
		HideSolutionNode = FALSE
	EndGlobalSection
	GlobalSection(ExtensibilityGlobals) = postSolution
		SolutionGuid = {FF5A3933-7B63-4A0F-8537-F0EAA88ACFB2}
	EndGlobalSection
EndGlobal
